// !$*UTF8*$!
{
	archiveVersion = 1;
	classes = {
	};
	objectVersion = 46;
	objects = {

/* Begin PBXBuildFile section */
		B512B6F8194F21C900E8B2FD /* AppDelegate.swift in Sources */ = {isa = PBXBuildFile; fileRef = B512B6F7194F21C900E8B2FD /* AppDelegate.swift */; };
		B512B6FB194F21C900E8B2FD /* SwiftPoints.xcdatamodeld in Sources */ = {isa = PBXBuildFile; fileRef = B512B6F9194F21C900E8B2FD /* SwiftPoints.xcdatamodeld */; };
		B512B6FD194F21C900E8B2FD /* ViewController.swift in Sources */ = {isa = PBXBuildFile; fileRef = B512B6FC194F21C900E8B2FD /* ViewController.swift */; };
		B512B700194F21C900E8B2FD /* Main.storyboard in Resources */ = {isa = PBXBuildFile; fileRef = B512B6FE194F21C900E8B2FD /* Main.storyboard */; };
		B512B702194F21C900E8B2FD /* Images.xcassets in Resources */ = {isa = PBXBuildFile; fileRef = B512B701194F21C900E8B2FD /* Images.xcassets */; };
		B512B70E194F21C900E8B2FD /* SwiftPointsTests.swift in Sources */ = {isa = PBXBuildFile; fileRef = B512B70D194F21C900E8B2FD /* SwiftPointsTests.swift */; };
		B512B72C194F256400E8B2FD /* Friends.png in Resources */ = {isa = PBXBuildFile; fileRef = B512B718194F256400E8B2FD /* Friends.png */; };
		B512B72D194F256400E8B2FD /* Dishes.png in Resources */ = {isa = PBXBuildFile; fileRef = B512B719194F256400E8B2FD /* Dishes.png */; };
		B512B72E194F256400E8B2FD /* Cleaning.png in Resources */ = {isa = PBXBuildFile; fileRef = B512B71A194F256400E8B2FD /* Cleaning.png */; };
		B512B72F194F256400E8B2FD /* Cooking.png in Resources */ = {isa = PBXBuildFile; fileRef = B512B71B194F256400E8B2FD /* Cooking.png */; };
		B512B730194F256400E8B2FD /* DD.png in Resources */ = {isa = PBXBuildFile; fileRef = B512B71C194F256400E8B2FD /* DD.png */; };
		B512B731194F256400E8B2FD /* Vacuum.png in Resources */ = {isa = PBXBuildFile; fileRef = B512B71D194F256400E8B2FD /* Vacuum.png */; };
		B512B732194F256400E8B2FD /* Plants.png in Resources */ = {isa = PBXBuildFile; fileRef = B512B71E194F256400E8B2FD /* Plants.png */; };
		B512B733194F256400E8B2FD /* Laundry.png in Resources */ = {isa = PBXBuildFile; fileRef = B512B71F194F256400E8B2FD /* Laundry.png */; };
		B512B734194F256400E8B2FD /* Fries.png in Resources */ = {isa = PBXBuildFile; fileRef = B512B720194F256400E8B2FD /* Fries.png */; };
		B512B735194F256400E8B2FD /* Drink.png in Resources */ = {isa = PBXBuildFile; fileRef = B512B721194F256400E8B2FD /* Drink.png */; };
		B512B736194F256400E8B2FD /* Exercise30.png in Resources */ = {isa = PBXBuildFile; fileRef = B512B722194F256400E8B2FD /* Exercise30.png */; };
		B512B737194F256400E8B2FD /* BedMornMinus30.png in Resources */ = {isa = PBXBuildFile; fileRef = B512B723194F256400E8B2FD /* BedMornMinus30.png */; };
		B512B738194F256400E8B2FD /* BedMornPlus30.png in Resources */ = {isa = PBXBuildFile; fileRef = B512B724194F256400E8B2FD /* BedMornPlus30.png */; };
		B512B739194F256400E8B2FD /* BedMornPlus60.png in Resources */ = {isa = PBXBuildFile; fileRef = B512B725194F256400E8B2FD /* BedMornPlus60.png */; };
		B512B73A194F256400E8B2FD /* BedMornPlus90.png in Resources */ = {isa = PBXBuildFile; fileRef = B512B726194F256400E8B2FD /* BedMornPlus90.png */; };
		B512B73B194F256400E8B2FD /* BedNightMinus30.png in Resources */ = {isa = PBXBuildFile; fileRef = B512B727194F256400E8B2FD /* BedNightMinus30.png */; };
		B512B73C194F256400E8B2FD /* BedNightPlus30.png in Resources */ = {isa = PBXBuildFile; fileRef = B512B728194F256400E8B2FD /* BedNightPlus30.png */; };
		B512B73D194F256400E8B2FD /* BedNightPlus60.png in Resources */ = {isa = PBXBuildFile; fileRef = B512B729194F256400E8B2FD /* BedNightPlus60.png */; };
		B512B73E194F256400E8B2FD /* BedNightPlus90.png in Resources */ = {isa = PBXBuildFile; fileRef = B512B72A194F256400E8B2FD /* BedNightPlus90.png */; };
		B512B73F194F256400E8B2FD /* one.png in Resources */ = {isa = PBXBuildFile; fileRef = B512B72B194F256400E8B2FD /* one.png */; };
		B512B7431950937C00E8B2FD /* MyCollectionViewCell.swift in Sources */ = {isa = PBXBuildFile; fileRef = B512B7421950937C00E8B2FD /* MyCollectionViewCell.swift */; };
		B52C616219649DEA0088F629 /* circle.png in Resources */ = {isa = PBXBuildFile; fileRef = B52C616119649DEA0088F629 /* circle.png */; };
		B52C61641964A0B20088F629 /* BedMornEmpty.png in Resources */ = {isa = PBXBuildFile; fileRef = B52C61631964A0B20088F629 /* BedMornEmpty.png */; };
		B52C61661964A1A90088F629 /* BedNightEmpty.png in Resources */ = {isa = PBXBuildFile; fileRef = B52C61651964A1A90088F629 /* BedNightEmpty.png */; };
		B582391C1964D0EB00C55B14 /* RecentEventTableViewCell.swift in Sources */ = {isa = PBXBuildFile; fileRef = B582391B1964D0EB00C55B14 /* RecentEventTableViewCell.swift */; };
		B582391E1965240000C55B14 /* TableViewController.swift in Sources */ = {isa = PBXBuildFile; fileRef = B582391D1965240000C55B14 /* TableViewController.swift */; };
		B58239201966824700C55B14 /* fade.png in Resources */ = {isa = PBXBuildFile; fileRef = B582391F1966824700C55B14 /* fade.png */; };
		B5823922196687B200C55B14 /* testGauge.png in Resources */ = {isa = PBXBuildFile; fileRef = B5823921196687B200C55B14 /* testGauge.png */; };
		B58239281966A27D00C55B14 /* testGauge2.png in Resources */ = {isa = PBXBuildFile; fileRef = B58239271966A27D00C55B14 /* testGauge2.png */; };
		B582392A1966A6D900C55B14 /* firstBigNeedle.png in Resources */ = {isa = PBXBuildFile; fileRef = B58239291966A6D900C55B14 /* firstBigNeedle.png */; };
		B582392C1966A81700C55B14 /* bigNeedle2.png in Resources */ = {isa = PBXBuildFile; fileRef = B582392B1966A81700C55B14 /* bigNeedle2.png */; };
		B582392E1966A99100C55B14 /* littleNeedle.png in Resources */ = {isa = PBXBuildFile; fileRef = B582392D1966A99100C55B14 /* littleNeedle.png */; };
		B582393019676F8700C55B14 /* testBigWhiteCover.png in Resources */ = {isa = PBXBuildFile; fileRef = B582392F19676F8700C55B14 /* testBigWhiteCover.png */; };
		B582393319676FC100C55B14 /* bigGreenIndicator.png in Resources */ = {isa = PBXBuildFile; fileRef = B582393119676FC100C55B14 /* bigGreenIndicator.png */; };
		B582393419676FC100C55B14 /* bigRedIndicator.png in Resources */ = {isa = PBXBuildFile; fileRef = B582393219676FC100C55B14 /* bigRedIndicator.png */; };
		B5D6EC3A197395EE0022519B /* QuartzCore.framework in Frameworks */ = {isa = PBXBuildFile; fileRef = B5D6EC39197395EE0022519B /* QuartzCore.framework */; };
/* End PBXBuildFile section */

/* Begin PBXContainerItemProxy section */
		B512B708194F21C900E8B2FD /* PBXContainerItemProxy */ = {
			isa = PBXContainerItemProxy;
			containerPortal = B512B6EA194F21C900E8B2FD /* Project object */;
			proxyType = 1;
			remoteGlobalIDString = B512B6F1194F21C900E8B2FD;
			remoteInfo = SwiftPoints;
		};
/* End PBXContainerItemProxy section */

/* Begin PBXFileReference section */
		B512B6F2194F21C900E8B2FD /* SwiftPoints2.app */ = {isa = PBXFileReference; explicitFileType = wrapper.application; includeInIndex = 0; path = SwiftPoints2.app; sourceTree = BUILT_PRODUCTS_DIR; };
		B512B6F6194F21C900E8B2FD /* Info.plist */ = {isa = PBXFileReference; lastKnownFileType = text.plist.xml; path = Info.plist; sourceTree = "<group>"; };
		B512B6F7194F21C900E8B2FD /* AppDelegate.swift */ = {isa = PBXFileReference; lastKnownFileType = sourcecode.swift; path = AppDelegate.swift; sourceTree = "<group>"; };
		B512B6FA194F21C900E8B2FD /* SwiftPoints.xcdatamodel */ = {isa = PBXFileReference; lastKnownFileType = wrapper.xcdatamodel; path = SwiftPoints.xcdatamodel; sourceTree = "<group>"; };
		B512B6FC194F21C900E8B2FD /* ViewController.swift */ = {isa = PBXFileReference; lastKnownFileType = sourcecode.swift; path = ViewController.swift; sourceTree = "<group>"; };
		B512B6FF194F21C900E8B2FD /* Base */ = {isa = PBXFileReference; lastKnownFileType = file.storyboard; name = Base; path = Base.lproj/Main.storyboard; sourceTree = "<group>"; };
		B512B701194F21C900E8B2FD /* Images.xcassets */ = {isa = PBXFileReference; lastKnownFileType = folder.assetcatalog; path = Images.xcassets; sourceTree = "<group>"; };
		B512B707194F21C900E8B2FD /* SwiftPointsTests.xctest */ = {isa = PBXFileReference; explicitFileType = wrapper.cfbundle; includeInIndex = 0; path = SwiftPointsTests.xctest; sourceTree = BUILT_PRODUCTS_DIR; };
		B512B70C194F21C900E8B2FD /* Info.plist */ = {isa = PBXFileReference; lastKnownFileType = text.plist.xml; path = Info.plist; sourceTree = "<group>"; };
		B512B70D194F21C900E8B2FD /* SwiftPointsTests.swift */ = {isa = PBXFileReference; lastKnownFileType = sourcecode.swift; path = SwiftPointsTests.swift; sourceTree = "<group>"; };
		B512B718194F256400E8B2FD /* Friends.png */ = {isa = PBXFileReference; lastKnownFileType = image.png; path = Friends.png; sourceTree = "<group>"; };
		B512B719194F256400E8B2FD /* Dishes.png */ = {isa = PBXFileReference; lastKnownFileType = image.png; path = Dishes.png; sourceTree = "<group>"; };
		B512B71A194F256400E8B2FD /* Cleaning.png */ = {isa = PBXFileReference; lastKnownFileType = image.png; path = Cleaning.png; sourceTree = "<group>"; };
		B512B71B194F256400E8B2FD /* Cooking.png */ = {isa = PBXFileReference; lastKnownFileType = image.png; path = Cooking.png; sourceTree = "<group>"; };
		B512B71C194F256400E8B2FD /* DD.png */ = {isa = PBXFileReference; lastKnownFileType = image.png; path = DD.png; sourceTree = "<group>"; };
		B512B71D194F256400E8B2FD /* Vacuum.png */ = {isa = PBXFileReference; lastKnownFileType = image.png; path = Vacuum.png; sourceTree = "<group>"; };
		B512B71E194F256400E8B2FD /* Plants.png */ = {isa = PBXFileReference; lastKnownFileType = image.png; path = Plants.png; sourceTree = "<group>"; };
		B512B71F194F256400E8B2FD /* Laundry.png */ = {isa = PBXFileReference; lastKnownFileType = image.png; path = Laundry.png; sourceTree = "<group>"; };
		B512B720194F256400E8B2FD /* Fries.png */ = {isa = PBXFileReference; lastKnownFileType = image.png; path = Fries.png; sourceTree = "<group>"; };
		B512B721194F256400E8B2FD /* Drink.png */ = {isa = PBXFileReference; lastKnownFileType = image.png; path = Drink.png; sourceTree = "<group>"; };
		B512B722194F256400E8B2FD /* Exercise30.png */ = {isa = PBXFileReference; lastKnownFileType = image.png; path = Exercise30.png; sourceTree = "<group>"; };
		B512B723194F256400E8B2FD /* BedMornMinus30.png */ = {isa = PBXFileReference; lastKnownFileType = image.png; path = BedMornMinus30.png; sourceTree = "<group>"; };
		B512B724194F256400E8B2FD /* BedMornPlus30.png */ = {isa = PBXFileReference; lastKnownFileType = image.png; path = BedMornPlus30.png; sourceTree = "<group>"; };
		B512B725194F256400E8B2FD /* BedMornPlus60.png */ = {isa = PBXFileReference; lastKnownFileType = image.png; path = BedMornPlus60.png; sourceTree = "<group>"; };
		B512B726194F256400E8B2FD /* BedMornPlus90.png */ = {isa = PBXFileReference; lastKnownFileType = image.png; path = BedMornPlus90.png; sourceTree = "<group>"; };
		B512B727194F256400E8B2FD /* BedNightMinus30.png */ = {isa = PBXFileReference; lastKnownFileType = image.png; path = BedNightMinus30.png; sourceTree = "<group>"; };
		B512B728194F256400E8B2FD /* BedNightPlus30.png */ = {isa = PBXFileReference; lastKnownFileType = image.png; path = BedNightPlus30.png; sourceTree = "<group>"; };
		B512B729194F256400E8B2FD /* BedNightPlus60.png */ = {isa = PBXFileReference; lastKnownFileType = image.png; path = BedNightPlus60.png; sourceTree = "<group>"; };
		B512B72A194F256400E8B2FD /* BedNightPlus90.png */ = {isa = PBXFileReference; lastKnownFileType = image.png; path = BedNightPlus90.png; sourceTree = "<group>"; };
		B512B72B194F256400E8B2FD /* one.png */ = {isa = PBXFileReference; lastKnownFileType = image.png; path = one.png; sourceTree = "<group>"; };
		B512B7421950937C00E8B2FD /* MyCollectionViewCell.swift */ = {isa = PBXFileReference; fileEncoding = 4; lastKnownFileType = sourcecode.swift; path = MyCollectionViewCell.swift; sourceTree = "<group>"; };
		B52C616119649DEA0088F629 /* circle.png */ = {isa = PBXFileReference; lastKnownFileType = image.png; path = circle.png; sourceTree = "<group>"; };
		B52C61631964A0B20088F629 /* BedMornEmpty.png */ = {isa = PBXFileReference; lastKnownFileType = image.png; path = BedMornEmpty.png; sourceTree = "<group>"; };
		B52C61651964A1A90088F629 /* BedNightEmpty.png */ = {isa = PBXFileReference; lastKnownFileType = image.png; path = BedNightEmpty.png; sourceTree = "<group>"; };
		B582391B1964D0EB00C55B14 /* RecentEventTableViewCell.swift */ = {isa = PBXFileReference; fileEncoding = 4; lastKnownFileType = sourcecode.swift; path = RecentEventTableViewCell.swift; sourceTree = "<group>"; };
		B582391D1965240000C55B14 /* TableViewController.swift */ = {isa = PBXFileReference; fileEncoding = 4; lastKnownFileType = sourcecode.swift; path = TableViewController.swift; sourceTree = "<group>"; };
		B582391F1966824700C55B14 /* fade.png */ = {isa = PBXFileReference; lastKnownFileType = image.png; path = fade.png; sourceTree = "<group>"; };
		B5823921196687B200C55B14 /* testGauge.png */ = {isa = PBXFileReference; lastKnownFileType = image.png; path = testGauge.png; sourceTree = "<group>"; };
		B58239271966A27D00C55B14 /* testGauge2.png */ = {isa = PBXFileReference; lastKnownFileType = image.png; path = testGauge2.png; sourceTree = "<group>"; };
		B58239291966A6D900C55B14 /* firstBigNeedle.png */ = {isa = PBXFileReference; lastKnownFileType = image.png; path = firstBigNeedle.png; sourceTree = "<group>"; };
		B582392B1966A81700C55B14 /* bigNeedle2.png */ = {isa = PBXFileReference; lastKnownFileType = image.png; path = bigNeedle2.png; sourceTree = "<group>"; };
		B582392D1966A99100C55B14 /* littleNeedle.png */ = {isa = PBXFileReference; lastKnownFileType = image.png; path = littleNeedle.png; sourceTree = "<group>"; };
		B582392F19676F8700C55B14 /* testBigWhiteCover.png */ = {isa = PBXFileReference; lastKnownFileType = image.png; path = testBigWhiteCover.png; sourceTree = "<group>"; };
		B582393119676FC100C55B14 /* bigGreenIndicator.png */ = {isa = PBXFileReference; lastKnownFileType = image.png; path = bigGreenIndicator.png; sourceTree = "<group>"; };
		B582393219676FC100C55B14 /* bigRedIndicator.png */ = {isa = PBXFileReference; lastKnownFileType = image.png; path = bigRedIndicator.png; sourceTree = "<group>"; };
		B5D6EC39197395EE0022519B /* QuartzCore.framework */ = {isa = PBXFileReference; lastKnownFileType = wrapper.framework; name = QuartzCore.framework; path = System/Library/Frameworks/QuartzCore.framework; sourceTree = SDKROOT; };
/* End PBXFileReference section */

/* Begin PBXFrameworksBuildPhase section */
		B512B6EF194F21C900E8B2FD /* Frameworks */ = {
			isa = PBXFrameworksBuildPhase;
			buildActionMask = 2147483647;
			files = (
				B5D6EC3A197395EE0022519B /* QuartzCore.framework in Frameworks */,
			);
			runOnlyForDeploymentPostprocessing = 0;
		};
		B512B704194F21C900E8B2FD /* Frameworks */ = {
			isa = PBXFrameworksBuildPhase;
			buildActionMask = 2147483647;
			files = (
			);
			runOnlyForDeploymentPostprocessing = 0;
		};
/* End PBXFrameworksBuildPhase section */

/* Begin PBXGroup section */
		B512B6E9194F21C900E8B2FD = {
			isa = PBXGroup;
			children = (
				B5D6EC39197395EE0022519B /* QuartzCore.framework */,
				B512B6F4194F21C900E8B2FD /* SwiftPoints */,
				B512B70A194F21C900E8B2FD /* SwiftPointsTests */,
				B512B6F3194F21C900E8B2FD /* Products */,
			);
			sourceTree = "<group>";
		};
		B512B6F3194F21C900E8B2FD /* Products */ = {
			isa = PBXGroup;
			children = (
				B512B6F2194F21C900E8B2FD /* SwiftPoints2.app */,
				B512B707194F21C900E8B2FD /* SwiftPointsTests.xctest */,
			);
			name = Products;
			sourceTree = "<group>";
		};
		B512B6F4194F21C900E8B2FD /* SwiftPoints */ = {
			isa = PBXGroup;
			children = (
				B582393119676FC100C55B14 /* bigGreenIndicator.png */,
				B582393219676FC100C55B14 /* bigRedIndicator.png */,
				B582392F19676F8700C55B14 /* testBigWhiteCover.png */,
				B582392D1966A99100C55B14 /* littleNeedle.png */,
				B582392B1966A81700C55B14 /* bigNeedle2.png */,
				B58239291966A6D900C55B14 /* firstBigNeedle.png */,
				B58239271966A27D00C55B14 /* testGauge2.png */,
				B5823921196687B200C55B14 /* testGauge.png */,
				B52C616119649DEA0088F629 /* circle.png */,
				B582391F1966824700C55B14 /* fade.png */,
				B512B717194F255500E8B2FD /* images */,
				B512B6F7194F21C900E8B2FD /* AppDelegate.swift */,
				B512B6FC194F21C900E8B2FD /* ViewController.swift */,
				B512B6FE194F21C900E8B2FD /* Main.storyboard */,
				B512B701194F21C900E8B2FD /* Images.xcassets */,
				B512B6F9194F21C900E8B2FD /* SwiftPoints.xcdatamodeld */,
				B512B6F5194F21C900E8B2FD /* Supporting Files */,
				B512B7421950937C00E8B2FD /* MyCollectionViewCell.swift */,
				B582391B1964D0EB00C55B14 /* RecentEventTableViewCell.swift */,
				B582391D1965240000C55B14 /* TableViewController.swift */,
			);
			path = SwiftPoints;
			sourceTree = "<group>";
		};
		B512B6F5194F21C900E8B2FD /* Supporting Files */ = {
			isa = PBXGroup;
			children = (
				B512B6F6194F21C900E8B2FD /* Info.plist */,
			);
			name = "Supporting Files";
			sourceTree = "<group>";
		};
		B512B70A194F21C900E8B2FD /* SwiftPointsTests */ = {
			isa = PBXGroup;
			children = (
				B512B70D194F21C900E8B2FD /* SwiftPointsTests.swift */,
				B512B70B194F21C900E8B2FD /* Supporting Files */,
			);
			path = SwiftPointsTests;
			sourceTree = "<group>";
		};
		B512B70B194F21C900E8B2FD /* Supporting Files */ = {
			isa = PBXGroup;
			children = (
				B512B70C194F21C900E8B2FD /* Info.plist */,
			);
			name = "Supporting Files";
			sourceTree = "<group>";
		};
		B512B717194F255500E8B2FD /* images */ = {
			isa = PBXGroup;
			children = (
				B52C61651964A1A90088F629 /* BedNightEmpty.png */,
				B52C61631964A0B20088F629 /* BedMornEmpty.png */,
				B512B718194F256400E8B2FD /* Friends.png */,
				B512B719194F256400E8B2FD /* Dishes.png */,
				B512B71A194F256400E8B2FD /* Cleaning.png */,
				B512B71B194F256400E8B2FD /* Cooking.png */,
				B512B71C194F256400E8B2FD /* DD.png */,
				B512B71D194F256400E8B2FD /* Vacuum.png */,
				B512B71E194F256400E8B2FD /* Plants.png */,
				B512B71F194F256400E8B2FD /* Laundry.png */,
				B512B720194F256400E8B2FD /* Fries.png */,
				B512B721194F256400E8B2FD /* Drink.png */,
				B512B722194F256400E8B2FD /* Exercise30.png */,
				B512B723194F256400E8B2FD /* BedMornMinus30.png */,
				B512B724194F256400E8B2FD /* BedMornPlus30.png */,
				B512B725194F256400E8B2FD /* BedMornPlus60.png */,
				B512B726194F256400E8B2FD /* BedMornPlus90.png */,
				B512B727194F256400E8B2FD /* BedNightMinus30.png */,
				B512B728194F256400E8B2FD /* BedNightPlus30.png */,
				B512B729194F256400E8B2FD /* BedNightPlus60.png */,
				B512B72A194F256400E8B2FD /* BedNightPlus90.png */,
				B512B72B194F256400E8B2FD /* one.png */,
			);
			name = images;
			sourceTree = "<group>";
		};
/* End PBXGroup section */

/* Begin PBXNativeTarget section */
		B512B6F1194F21C900E8B2FD /* SwiftPoints2 */ = {
			isa = PBXNativeTarget;
			buildConfigurationList = B512B711194F21C900E8B2FD /* Build configuration list for PBXNativeTarget "SwiftPoints2" */;
			buildPhases = (
				B512B6EE194F21C900E8B2FD /* Sources */,
				B512B6EF194F21C900E8B2FD /* Frameworks */,
				B512B6F0194F21C900E8B2FD /* Resources */,
			);
			buildRules = (
			);
			dependencies = (
			);
			name = SwiftPoints2;
			productName = SwiftPoints;
			productReference = B512B6F2194F21C900E8B2FD /* SwiftPoints2.app */;
			productType = "com.apple.product-type.application";
		};
		B512B706194F21C900E8B2FD /* SwiftPointsTests */ = {
			isa = PBXNativeTarget;
			buildConfigurationList = B512B714194F21C900E8B2FD /* Build configuration list for PBXNativeTarget "SwiftPointsTests" */;
			buildPhases = (
				B512B703194F21C900E8B2FD /* Sources */,
				B512B704194F21C900E8B2FD /* Frameworks */,
				B512B705194F21C900E8B2FD /* Resources */,
			);
			buildRules = (
			);
			dependencies = (
				B512B709194F21C900E8B2FD /* PBXTargetDependency */,
			);
			name = SwiftPointsTests;
			productName = SwiftPointsTests;
			productReference = B512B707194F21C900E8B2FD /* SwiftPointsTests.xctest */;
			productType = "com.apple.product-type.bundle.unit-test";
		};
/* End PBXNativeTarget section */

/* Begin PBXProject section */
		B512B6EA194F21C900E8B2FD /* Project object */ = {
			isa = PBXProject;
			attributes = {
				LastUpgradeCheck = 0600;
				ORGANIZATIONNAME = "Taylor H. Gilbert";
				TargetAttributes = {
					B512B6F1194F21C900E8B2FD = {
						CreatedOnToolsVersion = 6.0;
					};
					B512B706194F21C900E8B2FD = {
						CreatedOnToolsVersion = 6.0;
						TestTargetID = B512B6F1194F21C900E8B2FD;
					};
				};
			};
			buildConfigurationList = B512B6ED194F21C900E8B2FD /* Build configuration list for PBXProject "SwiftPoints" */;
			compatibilityVersion = "Xcode 3.2";
			developmentRegion = English;
			hasScannedForEncodings = 0;
			knownRegions = (
				en,
				Base,
			);
			mainGroup = B512B6E9194F21C900E8B2FD;
			productRefGroup = B512B6F3194F21C900E8B2FD /* Products */;
			projectDirPath = "";
			projectRoot = "";
			targets = (
				B512B6F1194F21C900E8B2FD /* SwiftPoints2 */,
				B512B706194F21C900E8B2FD /* SwiftPointsTests */,
			);
		};
/* End PBXProject section */

/* Begin PBXResourcesBuildPhase section */
		B512B6F0194F21C900E8B2FD /* Resources */ = {
			isa = PBXResourcesBuildPhase;
			buildActionMask = 2147483647;
			files = (
				B512B72C194F256400E8B2FD /* Friends.png in Resources */,
				B512B737194F256400E8B2FD /* BedMornMinus30.png in Resources */,
				B512B73A194F256400E8B2FD /* BedMornPlus90.png in Resources */,
				B512B72E194F256400E8B2FD /* Cleaning.png in Resources */,
				B58239281966A27D00C55B14 /* testGauge2.png in Resources */,
				B512B73D194F256400E8B2FD /* BedNightPlus60.png in Resources */,
				B582393419676FC100C55B14 /* bigRedIndicator.png in Resources */,
				B512B736194F256400E8B2FD /* Exercise30.png in Resources */,
				B512B73C194F256400E8B2FD /* BedNightPlus30.png in Resources */,
				B512B738194F256400E8B2FD /* BedMornPlus30.png in Resources */,
				B512B73F194F256400E8B2FD /* one.png in Resources */,
				B582393319676FC100C55B14 /* bigGreenIndicator.png in Resources */,
				B512B739194F256400E8B2FD /* BedMornPlus60.png in Resources */,
				B512B72D194F256400E8B2FD /* Dishes.png in Resources */,
				B512B700194F21C900E8B2FD /* Main.storyboard in Resources */,
				B52C61661964A1A90088F629 /* BedNightEmpty.png in Resources */,
				B512B732194F256400E8B2FD /* Plants.png in Resources */,
				B512B73B194F256400E8B2FD /* BedNightMinus30.png in Resources */,
				B582392E1966A99100C55B14 /* littleNeedle.png in Resources */,
				B52C61641964A0B20088F629 /* BedMornEmpty.png in Resources */,
				B512B72F194F256400E8B2FD /* Cooking.png in Resources */,
				B512B702194F21C900E8B2FD /* Images.xcassets in Resources */,
				B5823922196687B200C55B14 /* testGauge.png in Resources */,
				B582392C1966A81700C55B14 /* bigNeedle2.png in Resources */,
				B52C616219649DEA0088F629 /* circle.png in Resources */,
				B58239201966824700C55B14 /* fade.png in Resources */,
				B512B734194F256400E8B2FD /* Fries.png in Resources */,
				B512B735194F256400E8B2FD /* Drink.png in Resources */,
				B582393019676F8700C55B14 /* testBigWhiteCover.png in Resources */,
				B512B73E194F256400E8B2FD /* BedNightPlus90.png in Resources */,
				B512B731194F256400E8B2FD /* Vacuum.png in Resources */,
				B512B730194F256400E8B2FD /* DD.png in Resources */,
				B582392A1966A6D900C55B14 /* firstBigNeedle.png in Resources */,
				B512B733194F256400E8B2FD /* Laundry.png in Resources */,
			);
			runOnlyForDeploymentPostprocessing = 0;
		};
		B512B705194F21C900E8B2FD /* Resources */ = {
			isa = PBXResourcesBuildPhase;
			buildActionMask = 2147483647;
			files = (
			);
			runOnlyForDeploymentPostprocessing = 0;
		};
/* End PBXResourcesBuildPhase section */

/* Begin PBXSourcesBuildPhase section */
		B512B6EE194F21C900E8B2FD /* Sources */ = {
			isa = PBXSourcesBuildPhase;
			buildActionMask = 2147483647;
			files = (
				B582391C1964D0EB00C55B14 /* RecentEventTableViewCell.swift in Sources */,
				B582391E1965240000C55B14 /* TableViewController.swift in Sources */,
				B512B6FD194F21C900E8B2FD /* ViewController.swift in Sources */,
				B512B6FB194F21C900E8B2FD /* SwiftPoints.xcdatamodeld in Sources */,
				B512B7431950937C00E8B2FD /* MyCollectionViewCell.swift in Sources */,
				B512B6F8194F21C900E8B2FD /* AppDelegate.swift in Sources */,
			);
			runOnlyForDeploymentPostprocessing = 0;
		};
		B512B703194F21C900E8B2FD /* Sources */ = {
			isa = PBXSourcesBuildPhase;
			buildActionMask = 2147483647;
			files = (
				B512B70E194F21C900E8B2FD /* SwiftPointsTests.swift in Sources */,
			);
			runOnlyForDeploymentPostprocessing = 0;
		};
/* End PBXSourcesBuildPhase section */

/* Begin PBXTargetDependency section */
		B512B709194F21C900E8B2FD /* PBXTargetDependency */ = {
			isa = PBXTargetDependency;
			target = B512B6F1194F21C900E8B2FD /* SwiftPoints2 */;
			targetProxy = B512B708194F21C900E8B2FD /* PBXContainerItemProxy */;
		};
/* End PBXTargetDependency section */

/* Begin PBXVariantGroup section */
		B512B6FE194F21C900E8B2FD /* Main.storyboard */ = {
			isa = PBXVariantGroup;
			children = (
				B512B6FF194F21C900E8B2FD /* Base */,
			);
			name = Main.storyboard;
			sourceTree = "<group>";
		};
/* End PBXVariantGroup section */

/* Begin XCBuildConfiguration section */
		B512B70F194F21C900E8B2FD /* Debug */ = {
			isa = XCBuildConfiguration;
			buildSettings = {
				ALWAYS_SEARCH_USER_PATHS = NO;
				CLANG_CXX_LANGUAGE_STANDARD = "gnu++0x";
				CLANG_CXX_LIBRARY = "libc++";
				CLANG_ENABLE_MODULES = YES;
				CLANG_ENABLE_OBJC_ARC = YES;
				CLANG_WARN_BOOL_CONVERSION = YES;
				CLANG_WARN_CONSTANT_CONVERSION = YES;
				CLANG_WARN_DIRECT_OBJC_ISA_USAGE = YES_ERROR;
				CLANG_WARN_EMPTY_BODY = YES;
				CLANG_WARN_ENUM_CONVERSION = YES;
				CLANG_WARN_INT_CONVERSION = YES;
				CLANG_WARN_OBJC_ROOT_CLASS = YES_ERROR;
				CLANG_WARN_UNREACHABLE_CODE = YES;
				CLANG_WARN__DUPLICATE_METHOD_MATCH = YES;
				"CODE_SIGN_IDENTITY[sdk=iphoneos*]" = "iPhone Developer";
				COPY_PHASE_STRIP = NO;
				ENABLE_STRICT_OBJC_MSGSEND = YES;
				GCC_C_LANGUAGE_STANDARD = gnu99;
				GCC_DYNAMIC_NO_PIC = NO;
				GCC_OPTIMIZATION_LEVEL = 0;
				GCC_PREPROCESSOR_DEFINITIONS = (
					"DEBUG=1",
					"$(inherited)",
				);
				GCC_SYMBOLS_PRIVATE_EXTERN = NO;
				GCC_WARN_64_TO_32_BIT_CONVERSION = YES;
				GCC_WARN_ABOUT_RETURN_TYPE = YES_ERROR;
				GCC_WARN_UNDECLARED_SELECTOR = YES;
				GCC_WARN_UNINITIALIZED_AUTOS = YES_AGGRESSIVE;
				GCC_WARN_UNUSED_FUNCTION = YES;
				GCC_WARN_UNUSED_VARIABLE = YES;
				IPHONEOS_DEPLOYMENT_TARGET = 8.0;
				METAL_ENABLE_DEBUG_INFO = YES;
				ONLY_ACTIVE_ARCH = YES;
				SDKROOT = iphoneos;
				SWIFT_OPTIMIZATION_LEVEL = "-Onone";
			};
			name = Debug;
		};
		B512B710194F21C900E8B2FD /* Release */ = {
			isa = XCBuildConfiguration;
			buildSettings = {
				ALWAYS_SEARCH_USER_PATHS = NO;
				CLANG_CXX_LANGUAGE_STANDARD = "gnu++0x";
				CLANG_CXX_LIBRARY = "libc++";
				CLANG_ENABLE_MODULES = YES;
				CLANG_ENABLE_OBJC_ARC = YES;
				CLANG_WARN_BOOL_CONVERSION = YES;
				CLANG_WARN_CONSTANT_CONVERSION = YES;
				CLANG_WARN_DIRECT_OBJC_ISA_USAGE = YES_ERROR;
				CLANG_WARN_EMPTY_BODY = YES;
				CLANG_WARN_ENUM_CONVERSION = YES;
				CLANG_WARN_INT_CONVERSION = YES;
				CLANG_WARN_OBJC_ROOT_CLASS = YES_ERROR;
				CLANG_WARN_UNREACHABLE_CODE = YES;
				CLANG_WARN__DUPLICATE_METHOD_MATCH = YES;
				"CODE_SIGN_IDENTITY[sdk=iphoneos*]" = "iPhone Developer";
				COPY_PHASE_STRIP = YES;
				ENABLE_NS_ASSERTIONS = NO;
				ENABLE_STRICT_OBJC_MSGSEND = YES;
				GCC_C_LANGUAGE_STANDARD = gnu99;
				GCC_WARN_64_TO_32_BIT_CONVERSION = YES;
				GCC_WARN_ABOUT_RETURN_TYPE = YES_ERROR;
				GCC_WARN_UNDECLARED_SELECTOR = YES;
				GCC_WARN_UNINITIALIZED_AUTOS = YES_AGGRESSIVE;
				GCC_WARN_UNUSED_FUNCTION = YES;
				GCC_WARN_UNUSED_VARIABLE = YES;
				IPHONEOS_DEPLOYMENT_TARGET = 8.0;
				METAL_ENABLE_DEBUG_INFO = NO;
				SDKROOT = iphoneos;
				VALIDATE_PRODUCT = YES;
			};
			name = Release;
		};
		B512B712194F21C900E8B2FD /* Debug */ = {
			isa = XCBuildConfiguration;
			buildSettings = {
				ASSETCATALOG_COMPILER_APPICON_NAME = AppIcon;
				ASSETCATALOG_COMPILER_LAUNCHIMAGE_NAME = LaunchImage;
				INFOPLIST_FILE = SwiftPoints/Info.plist;
				IPHONEOS_DEPLOYMENT_TARGET = 7.0;
				LD_RUNPATH_SEARCH_PATHS = "$(inherited) @executable_path/Frameworks";
				PRODUCT_NAME = "$(TARGET_NAME)";
			};
			name = Debug;
		};
		B512B713194F21C900E8B2FD /* Release */ = {
			isa = XCBuildConfiguration;
			buildSettings = {
				ASSETCATALOG_COMPILER_APPICON_NAME = AppIcon;
				ASSETCATALOG_COMPILER_LAUNCHIMAGE_NAME = LaunchImage;
				INFOPLIST_FILE = SwiftPoints/Info.plist;
				IPHONEOS_DEPLOYMENT_TARGET = 7.0;
				LD_RUNPATH_SEARCH_PATHS = "$(inherited) @executable_path/Frameworks";
				PRODUCT_NAME = "$(TARGET_NAME)";
			};
			name = Release;
		};
		B512B715194F21C900E8B2FD /* Debug */ = {
			isa = XCBuildConfiguration;
			buildSettings = {
				BUNDLE_LOADER = "$(BUILT_PRODUCTS_DIR)/SwiftPoints.app/SwiftPoints";
				FRAMEWORK_SEARCH_PATHS = (
					"$(SDKROOT)/Developer/Library/Frameworks",
					"$(inherited)",
				);
				GCC_PREPROCESSOR_DEFINITIONS = (
					"DEBUG=1",
					"$(inherited)",
				);
				INFOPLIST_FILE = SwiftPointsTests/Info.plist;
				LD_RUNPATH_SEARCH_PATHS = "$(inherited) @executable_path/Frameworks @loader_path/Frameworks";
				METAL_ENABLE_DEBUG_INFO = YES;
				PRODUCT_NAME = "$(TARGET_NAME)";
				TEST_HOST = "$(BUNDLE_LOADER)";
			};
			name = Debug;
		};
		B512B716194F21C900E8B2FD /* Release */ = {
			isa = XCBuildConfiguration;
			buildSettings = {
				BUNDLE_LOADER = "$(BUILT_PRODUCTS_DIR)/SwiftPoints.app/SwiftPoints";
				FRAMEWORK_SEARCH_PATHS = (
					"$(SDKROOT)/Developer/Library/Frameworks",
					"$(inherited)",
				);
				INFOPLIST_FILE = SwiftPointsTests/Info.plist;
				LD_RUNPATH_SEARCH_PATHS = "$(inherited) @executable_path/Frameworks @loader_path/Frameworks";
				METAL_ENABLE_DEBUG_INFO = NO;
				PRODUCT_NAME = "$(TARGET_NAME)";
				TEST_HOST = "$(BUNDLE_LOADER)";
			};
			name = Release;
		};
/* End XCBuildConfiguration section */

/* Begin XCConfigurationList section */
		B512B6ED194F21C900E8B2FD /* Build configuration list for PBXProject "SwiftPoints" */ = {
			isa = XCConfigurationList;
			buildConfigurations = (
				B512B70F194F21C900E8B2FD /* Debug */,
				B512B710194F21C900E8B2FD /* Release */,
			);
			defaultConfigurationIsVisible = 0;
			defaultConfigurationName = Release;
		};
		B512B711194F21C900E8B2FD /* Build configuration list for PBXNativeTarget "SwiftPoints2" */ = {
			isa = XCConfigurationList;
			buildConfigurations = (
				B512B712194F21C900E8B2FD /* Debug */,
				B512B713194F21C900E8B2FD /* Release */,
			);
			defaultConfigurationIsVisible = 0;
			defaultConfigurationName = Release;
		};
		B512B714194F21C900E8B2FD /* Build configuration list for PBXNativeTarget "SwiftPointsTests" */ = {
			isa = XCConfigurationList;
			buildConfigurations = (
				B512B715194F21C900E8B2FD /* Debug */,
				B512B716194F21C900E8B2FD /* Release */,
			);
			defaultConfigurationIsVisible = 0;
			defaultConfigurationName = Release;
		};
/* End XCConfigurationList section */

/* Begin XCVersionGroup section */
		B512B6F9194F21C900E8B2FD /* SwiftPoints.xcdatamodeld */ = {
			isa = XCVersionGroup;
			children = (
				B512B6FA194F21C900E8B2FD /* SwiftPoints.xcdatamodel */,
			);
			currentVersion = B512B6FA194F21C900E8B2FD /* SwiftPoints.xcdatamodel */;
			path = SwiftPoints.xcdatamodeld;
			sourceTree = "<group>";
			versionGroupType = wrapper.xcdatamodel;
		};
/* End XCVersionGroup section */
	};
	rootObject = B512B6EA194F21C900E8B2FD /* Project object */;
}
